
Microsoft Visual Studio Solution File, Format Version 12.00
# Visual Studio Version 17
VisualStudioVersion = 17.12.35506.116
MinimumVisualStudioVersion = 10.0.40219.1
Project("{FAE04EC0-301F-11D3-BF4B-00C04F79EFBC}") = "TasteAndRateAPI", "TasteAndRateAPI.csproj", "{75E25AC3-1DCF-4689-BEAA-3686D20DDB2B}"
EndProject
Project("{FAE04EC0-301F-11D3-BF4B-00C04F79EFBC}") = "TasteAndRate", "..\TasteAndRate\TasteAndRate.csproj", "{CEFE657A-BE4B-4020-AA39-16127F50B939}"
EndProject
Global
	GlobalSection(SolutionConfigurationPlatforms) = preSolution
		Debug|Any CPU = Debug|Any CPU
		Release|Any CPU = Release|Any CPU
	EndGlobalSection
	GlobalSection(ProjectConfigurationPlatforms) = postSolution
		{75E25AC3-1DCF-4689-BEAA-3686D20DDB2B}.Debug|Any CPU.ActiveCfg = Debug|Any CPU
		{75E25AC3-1DCF-4689-BEAA-3686D20DDB2B}.Debug|Any CPU.Build.0 = Debug|Any CPU
		{75E25AC3-1DCF-4689-BEAA-3686D20DDB2B}.Release|Any CPU.ActiveCfg = Release|Any CPU
		{75E25AC3-1DCF-4689-BEAA-3686D20DDB2B}.Release|Any CPU.Build.0 = Release|Any CPU
		{CEFE657A-BE4B-4020-AA39-16127F50B939}.Debug|Any CPU.ActiveCfg = Debug|Any CPU
		{CEFE657A-BE4B-4020-AA39-16127F50B939}.Debug|Any CPU.Build.0 = Debug|Any CPU
		{CEFE657A-BE4B-4020-AA39-16127F50B939}.Release|Any CPU.ActiveCfg = Release|Any CPU
		{CEFE657A-BE4B-4020-AA39-16127F50B939}.Release|Any CPU.Build.0 = Release|Any CPU
	EndGlobalSection
	GlobalSection(SolutionProperties) = preSolution
		HideSolutionNode = FALSE
	EndGlobalSection
EndGlobal
